
Microsoft Visual Studio Solution File, Format Version 12.00
# Visual Studio Version 17
VisualStudioVersion = 17.5.33516.290
MinimumVisualStudioVersion = 10.0.40219.1
Project("{FAE04EC0-301F-11D3-BF4B-00C04F79EFBC}") = "RAA_OfficeHours_230330", "RAA_OfficeHours_230330\RAA_OfficeHours_230330.csproj", "{C434E5E7-2876-4192-B169-727013B8BDE7}"
EndProject
Global
	GlobalSection(SolutionConfigurationPlatforms) = preSolution
		Debug|Any CPU = Debug|Any CPU
		Release|Any CPU = Release|Any CPU
	EndGlobalSection
	GlobalSection(ProjectConfigurationPlatforms) = postSolution
		{C434E5E7-2876-4192-B169-727013B8BDE7}.Debug|Any CPU.ActiveCfg = Debug|Any CPU
		{C434E5E7-2876-4192-B169-727013B8BDE7}.Debug|Any CPU.Build.0 = Debug|Any CPU
		{C434E5E7-2876-4192-B169-727013B8BDE7}.Release|Any CPU.ActiveCfg = Release|Any CPU
		{C434E5E7-2876-4192-B169-727013B8BDE7}.Release|Any CPU.Build.0 = Release|Any CPU
	EndGlobalSection
	GlobalSection(SolutionProperties) = preSolution
		HideSolutionNode = FALSE
	EndGlobalSection
	GlobalSection(ExtensibilityGlobals) = postSolution
		SolutionGuid = {A5F12C06-10D4-4468-9744-1A3228E8C627}
	EndGlobalSection
EndGlobal
